
Microsoft Visual Studio Solution File, Format Version 12.00
# Visual Studio Version 16
VisualStudioVersion = 16.0.30523.141
MinimumVisualStudioVersion = 10.0.40219.1
Project("{FAE04EC0-301F-11D3-BF4B-00C04F79EFBC}") = "SelecaoSquadra", "SelecaoSquadra.csproj", "{1C9B54AD-F8CB-45BB-A7FC-024EBF8708DB}"
EndProject
Global
	GlobalSection(SolutionConfigurationPlatforms) = preSolution
		Debug|Any CPU = Debug|Any CPU
		Release|Any CPU = Release|Any CPU
	EndGlobalSection
	GlobalSection(ProjectConfigurationPlatforms) = postSolution
		{1C9B54AD-F8CB-45BB-A7FC-024EBF8708DB}.Debug|Any CPU.ActiveCfg = Debug|Any CPU
		{1C9B54AD-F8CB-45BB-A7FC-024EBF8708DB}.Debug|Any CPU.Build.0 = Debug|Any CPU
		{1C9B54AD-F8CB-45BB-A7FC-024EBF8708DB}.Release|Any CPU.ActiveCfg = Release|Any CPU
		{1C9B54AD-F8CB-45BB-A7FC-024EBF8708DB}.Release|Any CPU.Build.0 = Release|Any CPU
	EndGlobalSection
	GlobalSection(SolutionProperties) = preSolution
		HideSolutionNode = FALSE
	EndGlobalSection
	GlobalSection(ExtensibilityGlobals) = postSolution
		SolutionGuid = {D5D8F554-EBA7-4413-BA52-334451A6186A}
	EndGlobalSection
EndGlobal
